
Microsoft Visual Studio Solution File, Format Version 12.00
Project("{2150E333-8FDC-42A3-9474-1A3956D46DE8}") = "src", "src", "{D465291A-24EF-4AD7-BB7A-51EF68494304}"
EndProject
Project("{FAE04EC0-301F-11D3-BF4B-00C04F79EFBC}") = "Member.Data", "Member.Data\Member.Data.csproj", "{1BC7D906-F052-4D3B-B816-3DB3E57AD03F}"
EndProject
Project("{2150E333-8FDC-42A3-9474-1A3956D46DE8}") = "tests", "tests", "{7808ED14-2558-4DC8-A1B6-4B599B3B4826}"
EndProject
Project("{FAE04EC0-301F-11D3-BF4B-00C04F79EFBC}") = "Member.Test", "Member.Test\Member.Test.csproj", "{69645CCB-31D2-4E2B-8EA6-ABE341EF429C}"
EndProject
Project("{FAE04EC0-301F-11D3-BF4B-00C04F79EFBC}") = "FfwGeraetewart", "FfwGeraetewart\FfwGeraetewart.csproj", "{1FFC8AD1-F808-4E92-82D6-711775D75AE2}"
EndProject
Project("{FAE04EC0-301F-11D3-BF4B-00C04F79EFBC}") = "Launchpad.UI", "Launchpad.UI\Launchpad.UI.csproj", "{54D9B19E-3024-4B03-8BE4-AB5EDECD3402}"
EndProject
Project("{FAE04EC0-301F-11D3-BF4B-00C04F79EFBC}") = "Launchpad.Module", "Launchpad.Module\Launchpad.Module.csproj", "{D071E7D5-B3AF-4200-8675-43CC1B6B3BCF}"
EndProject
Project("{FAE04EC0-301F-11D3-BF4B-00C04F79EFBC}") = "Member.Module", "Member.Module\Member.Module.csproj", "{87F9958B-5A53-461F-B83D-74409704BCB2}"
EndProject
Project("{FAE04EC0-301F-11D3-BF4B-00C04F79EFBC}") = "Member.UI", "Member.UI\Member.UI.csproj", "{B41AA13D-368F-4598-BCCB-9A0D2399F587}"
EndProject
Project("{2150E333-8FDC-42A3-9474-1A3956D46DE8}") = "Launchpad", "Launchpad", "{C9B741A7-0283-4685-B477-920F0BF2866E}"
EndProject
Project("{2150E333-8FDC-42A3-9474-1A3956D46DE8}") = "Member", "Member", "{8C359330-CA5C-4241-A311-41269B2118B1}"
EndProject
Project("{2150E333-8FDC-42A3-9474-1A3956D46DE8}") = "PsaDruck", "PsaDruck", "{EDD8FF92-817E-41D4-BFFE-FFD37F15794F}"
EndProject
Project("{FAE04EC0-301F-11D3-BF4B-00C04F79EFBC}") = "PsaDruck.Module", "PsaDruck.Module\PsaDruck.Module.csproj", "{7E3C141E-6FAD-4757-97BC-601E1108F8BC}"
EndProject
Project("{FAE04EC0-301F-11D3-BF4B-00C04F79EFBC}") = "PsaDruck.UI", "PsaDruck.UI\PsaDruck.UI.csproj", "{4E719C3E-1077-47C4-BADB-7ADF805DA8C3}"
EndProject
Project("{FAE04EC0-301F-11D3-BF4B-00C04F79EFBC}") = "PsaDruck.WordLogic", "PsaDruck.WordLogic\PsaDruck.WordLogic.csproj", "{23CB47B4-3FF3-47E3-8DF5-B492AD1A00B8}"
EndProject
Global
	GlobalSection(SolutionConfigurationPlatforms) = preSolution
		Debug|Any CPU = Debug|Any CPU
		Release|Any CPU = Release|Any CPU
	EndGlobalSection
	GlobalSection(NestedProjects) = preSolution
		{69645CCB-31D2-4E2B-8EA6-ABE341EF429C} = {7808ED14-2558-4DC8-A1B6-4B599B3B4826}
		{1FFC8AD1-F808-4E92-82D6-711775D75AE2} = {D465291A-24EF-4AD7-BB7A-51EF68494304}
		{C9B741A7-0283-4685-B477-920F0BF2866E} = {D465291A-24EF-4AD7-BB7A-51EF68494304}
		{8C359330-CA5C-4241-A311-41269B2118B1} = {D465291A-24EF-4AD7-BB7A-51EF68494304}
		{D071E7D5-B3AF-4200-8675-43CC1B6B3BCF} = {C9B741A7-0283-4685-B477-920F0BF2866E}
		{54D9B19E-3024-4B03-8BE4-AB5EDECD3402} = {C9B741A7-0283-4685-B477-920F0BF2866E}
		{1BC7D906-F052-4D3B-B816-3DB3E57AD03F} = {8C359330-CA5C-4241-A311-41269B2118B1}
		{87F9958B-5A53-461F-B83D-74409704BCB2} = {8C359330-CA5C-4241-A311-41269B2118B1}
		{B41AA13D-368F-4598-BCCB-9A0D2399F587} = {8C359330-CA5C-4241-A311-41269B2118B1}
		{EDD8FF92-817E-41D4-BFFE-FFD37F15794F} = {D465291A-24EF-4AD7-BB7A-51EF68494304}
		{7E3C141E-6FAD-4757-97BC-601E1108F8BC} = {EDD8FF92-817E-41D4-BFFE-FFD37F15794F}
		{4E719C3E-1077-47C4-BADB-7ADF805DA8C3} = {EDD8FF92-817E-41D4-BFFE-FFD37F15794F}
		{23CB47B4-3FF3-47E3-8DF5-B492AD1A00B8} = {EDD8FF92-817E-41D4-BFFE-FFD37F15794F}
	EndGlobalSection
	GlobalSection(ProjectConfigurationPlatforms) = postSolution
		{1BC7D906-F052-4D3B-B816-3DB3E57AD03F}.Debug|Any CPU.ActiveCfg = Debug|Any CPU
		{1BC7D906-F052-4D3B-B816-3DB3E57AD03F}.Debug|Any CPU.Build.0 = Debug|Any CPU
		{1BC7D906-F052-4D3B-B816-3DB3E57AD03F}.Release|Any CPU.ActiveCfg = Release|Any CPU
		{1BC7D906-F052-4D3B-B816-3DB3E57AD03F}.Release|Any CPU.Build.0 = Release|Any CPU
		{69645CCB-31D2-4E2B-8EA6-ABE341EF429C}.Debug|Any CPU.ActiveCfg = Debug|Any CPU
		{69645CCB-31D2-4E2B-8EA6-ABE341EF429C}.Debug|Any CPU.Build.0 = Debug|Any CPU
		{69645CCB-31D2-4E2B-8EA6-ABE341EF429C}.Release|Any CPU.ActiveCfg = Release|Any CPU
		{69645CCB-31D2-4E2B-8EA6-ABE341EF429C}.Release|Any CPU.Build.0 = Release|Any CPU
		{1FFC8AD1-F808-4E92-82D6-711775D75AE2}.Debug|Any CPU.ActiveCfg = Debug|Any CPU
		{1FFC8AD1-F808-4E92-82D6-711775D75AE2}.Debug|Any CPU.Build.0 = Debug|Any CPU
		{1FFC8AD1-F808-4E92-82D6-711775D75AE2}.Release|Any CPU.ActiveCfg = Release|Any CPU
		{1FFC8AD1-F808-4E92-82D6-711775D75AE2}.Release|Any CPU.Build.0 = Release|Any CPU
		{54D9B19E-3024-4B03-8BE4-AB5EDECD3402}.Debug|Any CPU.ActiveCfg = Debug|Any CPU
		{54D9B19E-3024-4B03-8BE4-AB5EDECD3402}.Debug|Any CPU.Build.0 = Debug|Any CPU
		{54D9B19E-3024-4B03-8BE4-AB5EDECD3402}.Release|Any CPU.ActiveCfg = Release|Any CPU
		{54D9B19E-3024-4B03-8BE4-AB5EDECD3402}.Release|Any CPU.Build.0 = Release|Any CPU
		{D071E7D5-B3AF-4200-8675-43CC1B6B3BCF}.Debug|Any CPU.ActiveCfg = Debug|Any CPU
		{D071E7D5-B3AF-4200-8675-43CC1B6B3BCF}.Debug|Any CPU.Build.0 = Debug|Any CPU
		{D071E7D5-B3AF-4200-8675-43CC1B6B3BCF}.Release|Any CPU.ActiveCfg = Release|Any CPU
		{D071E7D5-B3AF-4200-8675-43CC1B6B3BCF}.Release|Any CPU.Build.0 = Release|Any CPU
		{87F9958B-5A53-461F-B83D-74409704BCB2}.Debug|Any CPU.ActiveCfg = Debug|Any CPU
		{87F9958B-5A53-461F-B83D-74409704BCB2}.Debug|Any CPU.Build.0 = Debug|Any CPU
		{87F9958B-5A53-461F-B83D-74409704BCB2}.Release|Any CPU.ActiveCfg = Release|Any CPU
		{87F9958B-5A53-461F-B83D-74409704BCB2}.Release|Any CPU.Build.0 = Release|Any CPU
		{B41AA13D-368F-4598-BCCB-9A0D2399F587}.Debug|Any CPU.ActiveCfg = Debug|Any CPU
		{B41AA13D-368F-4598-BCCB-9A0D2399F587}.Debug|Any CPU.Build.0 = Debug|Any CPU
		{B41AA13D-368F-4598-BCCB-9A0D2399F587}.Release|Any CPU.ActiveCfg = Release|Any CPU
		{B41AA13D-368F-4598-BCCB-9A0D2399F587}.Release|Any CPU.Build.0 = Release|Any CPU
		{7E3C141E-6FAD-4757-97BC-601E1108F8BC}.Debug|Any CPU.ActiveCfg = Debug|Any CPU
		{7E3C141E-6FAD-4757-97BC-601E1108F8BC}.Debug|Any CPU.Build.0 = Debug|Any CPU
		{7E3C141E-6FAD-4757-97BC-601E1108F8BC}.Release|Any CPU.ActiveCfg = Release|Any CPU
		{7E3C141E-6FAD-4757-97BC-601E1108F8BC}.Release|Any CPU.Build.0 = Release|Any CPU
		{4E719C3E-1077-47C4-BADB-7ADF805DA8C3}.Debug|Any CPU.ActiveCfg = Debug|Any CPU
		{4E719C3E-1077-47C4-BADB-7ADF805DA8C3}.Debug|Any CPU.Build.0 = Debug|Any CPU
		{4E719C3E-1077-47C4-BADB-7ADF805DA8C3}.Release|Any CPU.ActiveCfg = Release|Any CPU
		{4E719C3E-1077-47C4-BADB-7ADF805DA8C3}.Release|Any CPU.Build.0 = Release|Any CPU
		{23CB47B4-3FF3-47E3-8DF5-B492AD1A00B8}.Debug|Any CPU.ActiveCfg = Debug|Any CPU
		{23CB47B4-3FF3-47E3-8DF5-B492AD1A00B8}.Debug|Any CPU.Build.0 = Debug|Any CPU
		{23CB47B4-3FF3-47E3-8DF5-B492AD1A00B8}.Release|Any CPU.ActiveCfg = Release|Any CPU
		{23CB47B4-3FF3-47E3-8DF5-B492AD1A00B8}.Release|Any CPU.Build.0 = Release|Any CPU
	EndGlobalSection
EndGlobal
